// !$*UTF8*$!
{
	archiveVersion = 1;
	classes = {
	};
	objectVersion = 77;
	objects = {

/* Begin PBXBuildFile section */
		7164E1474EB00032173A58D4 /* ClassScheduleActivityAttributes.swift in Sources */ = {isa = PBXBuildFile; fileRef = E25C42F901CE65CC76763FA3 /* ClassScheduleActivityAttributes.swift */; };
		76202654CF6E3E011DC6BD10 /* Foundation.framework in Frameworks */ = {isa = PBXBuildFile; fileRef = 8DB40E37E7168ED9B8A1A14C /* Foundation.framework */; };
		C34278682230866224AECE91 /* ClassScheduleWidget.swift in Sources */ = {isa = PBXBuildFile; fileRef = 0453CA39F6B03EEBE744835D /* ClassScheduleWidget.swift */; };
		F4E08CBAA4DB64A04BDE1A7A /* VocPassWidget.appex in Embed Foundation Extensions */ = {isa = PBXBuildFile; fileRef = CCAFAA07F22612D78A4EE94D /* VocPassWidget.appex */; settings = {ATTRIBUTES = (RemoveHeadersOnCopy, ); }; };
		FBCC4B943F7D67886F04EABC /* VocPassWidgetBundle.swift in Sources */ = {isa = PBXBuildFile; fileRef = 90BBCF3C30B0C3A1373513DD /* VocPassWidgetBundle.swift */; };
/* End PBXBuildFile section */

/* Begin PBXContainerItemProxy section */
		03FA1BC1D68CBA0004EE4165 /* PBXContainerItemProxy */ = {
			isa = PBXContainerItemProxy;
			containerPortal = 3A9BC4A72F04CAF600F3A879 /* Project object */;
			proxyType = 1;
			remoteGlobalIDString = A977527F885884C09773FFEE;
			remoteInfo = VocPassWidget;
		};
/* End PBXContainerItemProxy section */

/* Begin PBXCopyFilesBuildPhase section */
		E158C4EB5605688CC76B671F /* Embed Foundation Extensions */ = {
			isa = PBXCopyFilesBuildPhase;
			buildActionMask = 2147483647;
			dstPath = "";
			dstSubfolderSpec = 13;
			files = (
				F4E08CBAA4DB64A04BDE1A7A /* VocPassWidget.appex in Embed Foundation Extensions */,
			);
			name = "Embed Foundation Extensions";
			runOnlyForDeploymentPostprocessing = 0;
		};
/* End PBXCopyFilesBuildPhase section */

/* Begin PBXFileReference section */
		0453CA39F6B03EEBE744835D /* ClassScheduleWidget.swift */ = {isa = PBXFileReference; includeInIndex = 1; lastKnownFileType = sourcecode.swift; name = ClassScheduleWidget.swift; path = ClassScheduleWidget.swift; sourceTree = "<group>"; };
		3A9BC4AF2F04CAF600F3A879 /* VocPass.app */ = {isa = PBXFileReference; explicitFileType = wrapper.application; includeInIndex = 0; path = VocPass.app; sourceTree = BUILT_PRODUCTS_DIR; };
		58657D303600B4B655BAFB81 /* Info.plist */ = {isa = PBXFileReference; includeInIndex = 1; lastKnownFileType = text.plist.xml; name = Info.plist; path = VocPassWidget/Info.plist; sourceTree = "<group>"; };
		8DB40E37E7168ED9B8A1A14C /* Foundation.framework */ = {isa = PBXFileReference; lastKnownFileType = wrapper.framework; name = Foundation.framework; path = Platforms/iPhoneOS.platform/Developer/SDKs/iPhoneOS18.0.sdk/System/Library/Frameworks/Foundation.framework; sourceTree = DEVELOPER_DIR; };
		90BBCF3C30B0C3A1373513DD /* VocPassWidgetBundle.swift */ = {isa = PBXFileReference; includeInIndex = 1; lastKnownFileType = sourcecode.swift; name = VocPassWidgetBundle.swift; path = VocPassWidgetBundle.swift; sourceTree = "<group>"; };
		CCAFAA07F22612D78A4EE94D /* VocPassWidget.appex */ = {isa = PBXFileReference; explicitFileType = "wrapper.app-extension"; includeInIndex = 0; path = VocPassWidget.appex; sourceTree = BUILT_PRODUCTS_DIR; };
		E25C42F901CE65CC76763FA3 /* ClassScheduleActivityAttributes.swift */ = {isa = PBXFileReference; includeInIndex = 1; lastKnownFileType = sourcecode.swift; name = ClassScheduleActivityAttributes.swift; path = ClassScheduleActivityAttributes.swift; sourceTree = "<group>"; };
/* End PBXFileReference section */

/* Begin PBXFileSystemSynchronizedBuildFileExceptionSet section */
		3A916F302F613450008E4BD8 /* Exceptions for "VocPass" folder in "VocPass" target */ = {
			isa = PBXFileSystemSynchronizedBuildFileExceptionSet;
			membershipExceptions = (
				Info.plist,
			);
			target = 3A9BC4AE2F04CAF600F3A879 /* VocPass */;
		};
/* End PBXFileSystemSynchronizedBuildFileExceptionSet section */

/* Begin PBXFileSystemSynchronizedRootGroup section */
		3A9BC4B12F04CAF700F3A879 /* VocPass */ = {
			isa = PBXFileSystemSynchronizedRootGroup;
			exceptions = (
				3A916F302F613450008E4BD8 /* Exceptions for "VocPass" folder in "VocPass" target */,
			);
			path = VocPass;
			sourceTree = "<group>";
		};
/* End PBXFileSystemSynchronizedRootGroup section */

/* Begin PBXFrameworksBuildPhase section */
		3A9BC4AC2F04CAF600F3A879 /* Frameworks */ = {
			isa = PBXFrameworksBuildPhase;
			buildActionMask = 2147483647;
			files = (
			);
			runOnlyForDeploymentPostprocessing = 0;
		};
		F88E115D05497A90AE1F5A28 /* Frameworks */ = {
			isa = PBXFrameworksBuildPhase;
			buildActionMask = 2147483647;
			files = (
				76202654CF6E3E011DC6BD10 /* Foundation.framework in Frameworks */,
			);
			runOnlyForDeploymentPostprocessing = 0;
		};
/* End PBXFrameworksBuildPhase section */

/* Begin PBXGroup section */
		2888A03E8302807929294CC7 /* iOS */ = {
			isa = PBXGroup;
			children = (
				8DB40E37E7168ED9B8A1A14C /* Foundation.framework */,
			);
			name = iOS;
			sourceTree = "<group>";
		};
		3A9BC4A62F04CAF600F3A879 = {
			isa = PBXGroup;
			children = (
				3A9BC4B12F04CAF700F3A879 /* VocPass */,
				3A9BC4B02F04CAF600F3A879 /* Products */,
				548561B0B07B46226F2E7C4E /* Frameworks */,
				439C65EA78508358252B98A6 /* VocPassWidget */,
			);
			sourceTree = "<group>";
		};
		3A9BC4B02F04CAF600F3A879 /* Products */ = {
			isa = PBXGroup;
			children = (
				3A9BC4AF2F04CAF600F3A879 /* VocPass.app */,
				CCAFAA07F22612D78A4EE94D /* VocPassWidget.appex */,
			);
			name = Products;
			sourceTree = "<group>";
		};
		439C65EA78508358252B98A6 /* VocPassWidget */ = {
			isa = PBXGroup;
			children = (
				90BBCF3C30B0C3A1373513DD /* VocPassWidgetBundle.swift */,
				0453CA39F6B03EEBE744835D /* ClassScheduleWidget.swift */,
				E25C42F901CE65CC76763FA3 /* ClassScheduleActivityAttributes.swift */,
				58657D303600B4B655BAFB81 /* Info.plist */,
			);
			name = VocPassWidget;
			path = VocPassWidget;
			sourceTree = "<group>";
		};
		548561B0B07B46226F2E7C4E /* Frameworks */ = {
			isa = PBXGroup;
			children = (
				2888A03E8302807929294CC7 /* iOS */,
			);
			name = Frameworks;
			sourceTree = "<group>";
		};
/* End PBXGroup section */

/* Begin PBXNativeTarget section */
		3A9BC4AE2F04CAF600F3A879 /* VocPass */ = {
			isa = PBXNativeTarget;
			buildConfigurationList = 3A9BC4BA2F04CAF900F3A879 /* Build configuration list for PBXNativeTarget "VocPass" */;
			buildPhases = (
				3A9BC4AB2F04CAF600F3A879 /* Sources */,
				3A9BC4AC2F04CAF600F3A879 /* Frameworks */,
				3A9BC4AD2F04CAF600F3A879 /* Resources */,
				E158C4EB5605688CC76B671F /* Embed Foundation Extensions */,
			);
			buildRules = (
			);
			dependencies = (
				50E79D42CF43976163CE8A36 /* PBXTargetDependency */,
			);
			fileSystemSynchronizedGroups = (
				3A9BC4B12F04CAF700F3A879 /* VocPass */,
			);
			name = VocPass;
			productName = YKVS;
			productReference = 3A9BC4AF2F04CAF600F3A879 /* VocPass.app */;
			productType = "com.apple.product-type.application";
		};
		A977527F885884C09773FFEE /* VocPassWidget */ = {
			isa = PBXNativeTarget;
			buildConfigurationList = 62C4003BBF6FF3C7EA2E3D73 /* Build configuration list for PBXNativeTarget "VocPassWidget" */;
			buildPhases = (
				07A20D096D089283C37D89F5 /* Sources */,
				F88E115D05497A90AE1F5A28 /* Frameworks */,
				1E9116D5A86262DFE465D702 /* Resources */,
			);
			buildRules = (
			);
			dependencies = (
			);
			name = VocPassWidget;
			productName = VocPassWidget;
			productReference = CCAFAA07F22612D78A4EE94D /* VocPassWidget.appex */;
			productType = "com.apple.product-type.app-extension";
		};
/* End PBXNativeTarget section */

/* Begin PBXProject section */
		3A9BC4A72F04CAF600F3A879 /* Project object */ = {
			isa = PBXProject;
			attributes = {
				BuildIndependentTargetsInParallel = 1;
				LastSwiftUpdateCheck = 2620;
				LastUpgradeCheck = 2620;
				TargetAttributes = {
					3A9BC4AE2F04CAF600F3A879 = {
						CreatedOnToolsVersion = 26.2;
					};
				};
			};
			buildConfigurationList = 3A9BC4AA2F04CAF600F3A879 /* Build configuration list for PBXProject "VocPass" */;
			developmentRegion = en;
			hasScannedForEncodings = 0;
			knownRegions = (
				en,
				Base,
			);
			mainGroup = 3A9BC4A62F04CAF600F3A879;
			minimizedProjectReferenceProxies = 1;
			preferredProjectObjectVersion = 77;
			productRefGroup = 3A9BC4B02F04CAF600F3A879 /* Products */;
			projectDirPath = "";
			projectRoot = "";
			targets = (
				3A9BC4AE2F04CAF600F3A879 /* VocPass */,
				A977527F885884C09773FFEE /* VocPassWidget */,
			);
		};
/* End PBXProject section */

/* Begin PBXResourcesBuildPhase section */
		1E9116D5A86262DFE465D702 /* Resources */ = {
			isa = PBXResourcesBuildPhase;
			buildActionMask = 2147483647;
			files = (
			);
			runOnlyForDeploymentPostprocessing = 0;
		};
		3A9BC4AD2F04CAF600F3A879 /* Resources */ = {
			isa = PBXResourcesBuildPhase;
			buildActionMask = 2147483647;
			files = (
			);
			runOnlyForDeploymentPostprocessing = 0;
		};
/* End PBXResourcesBuildPhase section */

/* Begin PBXSourcesBuildPhase section */
		07A20D096D089283C37D89F5 /* Sources */ = {
			isa = PBXSourcesBuildPhase;
			buildActionMask = 2147483647;
			files = (
				FBCC4B943F7D67886F04EABC /* VocPassWidgetBundle.swift in Sources */,
				C34278682230866224AECE91 /* ClassScheduleWidget.swift in Sources */,
				7164E1474EB00032173A58D4 /* ClassScheduleActivityAttributes.swift in Sources */,
			);
			runOnlyForDeploymentPostprocessing = 0;
		};
		3A9BC4AB2F04CAF600F3A879 /* Sources */ = {
			isa = PBXSourcesBuildPhase;
			buildActionMask = 2147483647;
			files = (
			);
			runOnlyForDeploymentPostprocessing = 0;
		};
/* End PBXSourcesBuildPhase section */

/* Begin PBXTargetDependency section */
		50E79D42CF43976163CE8A36 /* PBXTargetDependency */ = {
			isa = PBXTargetDependency;
			name = VocPassWidget;
			target = A977527F885884C09773FFEE /* VocPassWidget */;
			targetProxy = 03FA1BC1D68CBA0004EE4165 /* PBXContainerItemProxy */;
		};
/* End PBXTargetDependency section */

/* Begin XCBuildConfiguration section */
		1AD97454AEEC03AFF72E6863 /* Debug */ = {
			isa = XCBuildConfiguration;
			buildSettings = {
				CLANG_ENABLE_OBJC_WEAK = NO;
				CODE_SIGN_STYLE = Automatic;
				CURRENT_PROJECT_VERSION = 1;
				DEVELOPMENT_TEAM = LRUDRHMQQW;
				INFOPLIST_FILE = VocPassWidget/Info.plist;
				IPHONEOS_DEPLOYMENT_TARGET = 17.0;
				MARKETING_VERSION = 1.0;
				PRODUCT_BUNDLE_IDENTIFIER = com.08hans.VocPass.widget;
				PRODUCT_NAME = "$(TARGET_NAME)";
				SDKROOT = iphoneos;
				SKIP_INSTALL = YES;
				SUPPORTS_MACCATALYST = NO;
				SWIFT_EMIT_LOC_STRINGS = YES;
				SWIFT_VERSION = 5.0;
				TARGETED_DEVICE_FAMILY = "1,2";
			};
			name = Debug;
		};
		3A9BC4B82F04CAF900F3A879 /* Debug */ = {
			isa = XCBuildConfiguration;
			buildSettings = {
				ALWAYS_SEARCH_USER_PATHS = NO;
				ASSETCATALOG_COMPILER_GENERATE_SWIFT_ASSET_SYMBOL_EXTENSIONS = YES;
				CLANG_ANALYZER_NONNULL = YES;
				CLANG_ANALYZER_NUMBER_OBJECT_CONVERSION = YES_AGGRESSIVE;
				CLANG_CXX_LANGUAGE_STANDARD = "gnu++20";
				CLANG_ENABLE_MODULES = YES;
				CLANG_ENABLE_OBJC_ARC = YES;
				CLANG_ENABLE_OBJC_WEAK = YES;
				CLANG_WARN_BLOCK_CAPTURE_AUTORELEASING = YES;
				CLANG_WARN_BOOL_CONVERSION = YES;
				CLANG_WARN_COMMA = YES;
				CLANG_WARN_CONSTANT_CONVERSION = YES;
				CLANG_WARN_DEPRECATED_OBJC_IMPLEMENTATIONS = YES;
				CLANG_WARN_DIRECT_OBJC_ISA_USAGE = YES_ERROR;
				CLANG_WARN_DOCUMENTATION_COMMENTS = YES;
				CLANG_WARN_EMPTY_BODY = YES;
				CLANG_WARN_ENUM_CONVERSION = YES;
				CLANG_WARN_INFINITE_RECURSION = YES;
				CLANG_WARN_INT_CONVERSION = YES;
				CLANG_WARN_NON_LITERAL_NULL_CONVERSION = YES;
				CLANG_WARN_OBJC_IMPLICIT_RETAIN_SELF = YES;
				CLANG_WARN_OBJC_LITERAL_CONVERSION = YES;
				CLANG_WARN_OBJC_ROOT_CLASS = YES_ERROR;
				CLANG_WARN_QUOTED_INCLUDE_IN_FRAMEWORK_HEADER = YES;
				CLANG_WARN_RANGE_LOOP_ANALYSIS = YES;
				CLANG_WARN_STRICT_PROTOTYPES = YES;
				CLANG_WARN_SUSPICIOUS_MOVE = YES;
				CLANG_WARN_UNGUARDED_AVAILABILITY = YES_AGGRESSIVE;
				CLANG_WARN_UNREACHABLE_CODE = YES;
				CLANG_WARN__DUPLICATE_METHOD_MATCH = YES;
				COPY_PHASE_STRIP = NO;
				DEBUG_INFORMATION_FORMAT = dwarf;
				DEVELOPMENT_TEAM = LRUDRHMQQW;
				ENABLE_STRICT_OBJC_MSGSEND = YES;
				ENABLE_TESTABILITY = YES;
				ENABLE_USER_SCRIPT_SANDBOXING = YES;
				GCC_C_LANGUAGE_STANDARD = gnu17;
				GCC_DYNAMIC_NO_PIC = NO;
				GCC_NO_COMMON_BLOCKS = YES;
				GCC_OPTIMIZATION_LEVEL = 0;
				GCC_PREPROCESSOR_DEFINITIONS = (
					"DEBUG=1",
					"$(inherited)",
				);
				GCC_WARN_64_TO_32_BIT_CONVERSION = YES;
				GCC_WARN_ABOUT_RETURN_TYPE = YES_ERROR;
				GCC_WARN_UNDECLARED_SELECTOR = YES;
				GCC_WARN_UNINITIALIZED_AUTOS = YES_AGGRESSIVE;
				GCC_WARN_UNUSED_FUNCTION = YES;
				GCC_WARN_UNUSED_VARIABLE = YES;
				IPHONEOS_DEPLOYMENT_TARGET = 26.2;
				LOCALIZATION_PREFERS_STRING_CATALOGS = YES;
				MTL_ENABLE_DEBUG_INFO = INCLUDE_SOURCE;
				MTL_FAST_MATH = YES;
				ONLY_ACTIVE_ARCH = YES;
				SDKROOT = iphoneos;
				SWIFT_ACTIVE_COMPILATION_CONDITIONS = "DEBUG $(inherited)";
				SWIFT_OPTIMIZATION_LEVEL = "-Onone";
			};
			name = Debug;
		};
		3A9BC4B92F04CAF900F3A879 /* Release */ = {
			isa = XCBuildConfiguration;
			buildSettings = {
				ALWAYS_SEARCH_USER_PATHS = NO;
				ASSETCATALOG_COMPILER_GENERATE_SWIFT_ASSET_SYMBOL_EXTENSIONS = YES;
				CLANG_ANALYZER_NONNULL = YES;
				CLANG_ANALYZER_NUMBER_OBJECT_CONVERSION = YES_AGGRESSIVE;
				CLANG_CXX_LANGUAGE_STANDARD = "gnu++20";
				CLANG_ENABLE_MODULES = YES;
				CLANG_ENABLE_OBJC_ARC = YES;
				CLANG_ENABLE_OBJC_WEAK = YES;
				CLANG_WARN_BLOCK_CAPTURE_AUTORELEASING = YES;
				CLANG_WARN_BOOL_CONVERSION = YES;
				CLANG_WARN_COMMA = YES;
				CLANG_WARN_CONSTANT_CONVERSION = YES;
				CLANG_WARN_DEPRECATED_OBJC_IMPLEMENTATIONS = YES;
				CLANG_WARN_DIRECT_OBJC_ISA_USAGE = YES_ERROR;
				CLANG_WARN_DOCUMENTATION_COMMENTS = YES;
				CLANG_WARN_EMPTY_BODY = YES;
				CLANG_WARN_ENUM_CONVERSION = YES;
				CLANG_WARN_INFINITE_RECURSION = YES;
				CLANG_WARN_INT_CONVERSION = YES;
				CLANG_WARN_NON_LITERAL_NULL_CONVERSION = YES;
				CLANG_WARN_OBJC_IMPLICIT_RETAIN_SELF = YES;
				CLANG_WARN_OBJC_LITERAL_CONVERSION = YES;
				CLANG_WARN_OBJC_ROOT_CLASS = YES_ERROR;
				CLANG_WARN_QUOTED_INCLUDE_IN_FRAMEWORK_HEADER = YES;
				CLANG_WARN_RANGE_LOOP_ANALYSIS = YES;
				CLANG_WARN_STRICT_PROTOTYPES = YES;
				CLANG_WARN_SUSPICIOUS_MOVE = YES;
				CLANG_WARN_UNGUARDED_AVAILABILITY = YES_AGGRESSIVE;
				CLANG_WARN_UNREACHABLE_CODE = YES;
				CLANG_WARN__DUPLICATE_METHOD_MATCH = YES;
				COPY_PHASE_STRIP = NO;
				DEBUG_INFORMATION_FORMAT = "dwarf-with-dsym";
				DEVELOPMENT_TEAM = LRUDRHMQQW;
				ENABLE_NS_ASSERTIONS = NO;
				ENABLE_STRICT_OBJC_MSGSEND = YES;
				ENABLE_USER_SCRIPT_SANDBOXING = YES;
				GCC_C_LANGUAGE_STANDARD = gnu17;
				GCC_NO_COMMON_BLOCKS = YES;
				GCC_WARN_64_TO_32_BIT_CONVERSION = YES;
				GCC_WARN_ABOUT_RETURN_TYPE = YES_ERROR;
				GCC_WARN_UNDECLARED_SELECTOR = YES;
				GCC_WARN_UNINITIALIZED_AUTOS = YES_AGGRESSIVE;
				GCC_WARN_UNUSED_FUNCTION = YES;
				GCC_WARN_UNUSED_VARIABLE = YES;
				IPHONEOS_DEPLOYMENT_TARGET = 26.2;
				LOCALIZATION_PREFERS_STRING_CATALOGS = YES;
				MTL_ENABLE_DEBUG_INFO = NO;
				MTL_FAST_MATH = YES;
				SDKROOT = iphoneos;
				SWIFT_COMPILATION_MODE = wholemodule;
				VALIDATE_PRODUCT = YES;
			};
			name = Release;
		};
		3A9BC4BB2F04CAF900F3A879 /* Debug */ = {
			isa = XCBuildConfiguration;
			buildSettings = {
				ASSETCATALOG_COMPILER_APPICON_NAME = AppIcon;
				ASSETCATALOG_COMPILER_GLOBAL_ACCENT_COLOR_NAME = AccentColor;
				CODE_SIGN_STYLE = Automatic;
				CURRENT_PROJECT_VERSION = 1;
				DEVELOPMENT_TEAM = LRUDRHMQQW;
				ENABLE_APP_SANDBOX = YES;
				ENABLE_HARDENED_RUNTIME = YES;
				ENABLE_OUTGOING_NETWORK_CONNECTIONS = YES;
				ENABLE_PREVIEWS = YES;
				GENERATE_INFOPLIST_FILE = YES;
				INFOPLIST_FILE = VocPass/Info.plist;
				INFOPLIST_KEY_CFBundleDisplayName = VocPass;
				INFOPLIST_KEY_ITSAppUsesNonExemptEncryption = NO;
				INFOPLIST_KEY_LSApplicationCategoryType = "public.app-category.education";
				INFOPLIST_KEY_UIApplicationSceneManifest_Generation = YES;
				INFOPLIST_KEY_UIApplicationSupportsIndirectInputEvents = YES;
				INFOPLIST_KEY_UILaunchScreen_Generation = YES;
				INFOPLIST_KEY_UISupportedInterfaceOrientations_iPad = "UIInterfaceOrientationPortrait UIInterfaceOrientationPortraitUpsideDown UIInterfaceOrientationLandscapeLeft UIInterfaceOrientationLandscapeRight";
				INFOPLIST_KEY_UISupportedInterfaceOrientations_iPhone = "UIInterfaceOrientationPortrait UIInterfaceOrientationLandscapeLeft UIInterfaceOrientationLandscapeRight";
				IPHONEOS_DEPLOYMENT_TARGET = 17.6;
				LD_RUNPATH_SEARCH_PATHS = (
					"$(inherited)",
					"@executable_path/Frameworks",
				);
				MARKETING_VERSION = 1.0;
				PRODUCT_BUNDLE_IDENTIFIER = com.08hans.VocPass;
				PRODUCT_NAME = "$(TARGET_NAME)";
				REGISTER_APP_GROUPS = YES;
				STRING_CATALOG_GENERATE_SYMBOLS = YES;
				SUPPORTED_PLATFORMS = "iphoneos iphonesimulator";
				SUPPORTS_MACCATALYST = NO;
				SWIFT_APPROACHABLE_CONCURRENCY = YES;
				SWIFT_DEFAULT_ACTOR_ISOLATION = MainActor;
				SWIFT_EMIT_LOC_STRINGS = YES;
				SWIFT_UPCOMING_FEATURE_MEMBER_IMPORT_VISIBILITY = YES;
				SWIFT_VERSION = 5.0;
				TARGETED_DEVICE_FAMILY = "1,2";
			};
			name = Debug;
		};
		3A9BC4BC2F04CAF900F3A879 /* Release */ = {
			isa = XCBuildConfiguration;
			buildSettings = {
				ASSETCATALOG_COMPILER_APPICON_NAME = AppIcon;
				ASSETCATALOG_COMPILER_GLOBAL_ACCENT_COLOR_NAME = AccentColor;
				CODE_SIGN_STYLE = Automatic;
				CURRENT_PROJECT_VERSION = 1;
				DEVELOPMENT_TEAM = LRUDRHMQQW;
				ENABLE_PREVIEWS = YES;
				GENERATE_INFOPLIST_FILE = YES;
				INFOPLIST_FILE = VocPass/Info.plist;
				INFOPLIST_KEY_CFBundleDisplayName = VocPass;
				INFOPLIST_KEY_ITSAppUsesNonExemptEncryption = NO;
				INFOPLIST_KEY_LSApplicationCategoryType = "public.app-category.education";
				INFOPLIST_KEY_UIApplicationSceneManifest_Generation = YES;
				INFOPLIST_KEY_UIApplicationSupportsIndirectInputEvents = YES;
				INFOPLIST_KEY_UILaunchScreen_Generation = YES;
				INFOPLIST_KEY_UISupportedInterfaceOrientations_iPad = "UIInterfaceOrientationPortrait UIInterfaceOrientationPortraitUpsideDown UIInterfaceOrientationLandscapeLeft UIInterfaceOrientationLandscapeRight";
				INFOPLIST_KEY_UISupportedInterfaceOrientations_iPhone = "UIInterfaceOrientationPortrait UIInterfaceOrientationLandscapeLeft UIInterfaceOrientationLandscapeRight";
				IPHONEOS_DEPLOYMENT_TARGET = 17.6;
				LD_RUNPATH_SEARCH_PATHS = (
					"$(inherited)",
					"@executable_path/Frameworks",
				);
				MARKETING_VERSION = 1.0;
				PRODUCT_BUNDLE_IDENTIFIER = com.08hans.VocPass;
				PRODUCT_NAME = "$(TARGET_NAME)";
				STRING_CATALOG_GENERATE_SYMBOLS = YES;
				SUPPORTED_PLATFORMS = "iphoneos iphonesimulator";
				SUPPORTS_MACCATALYST = NO;
				SWIFT_APPROACHABLE_CONCURRENCY = YES;
				SWIFT_DEFAULT_ACTOR_ISOLATION = MainActor;
				SWIFT_EMIT_LOC_STRINGS = YES;
				SWIFT_UPCOMING_FEATURE_MEMBER_IMPORT_VISIBILITY = YES;
				SWIFT_VERSION = 5.0;
				TARGETED_DEVICE_FAMILY = "1,2";
			};
			name = Release;
		};
		874788FB1544740BD5844699 /* Release */ = {
			isa = XCBuildConfiguration;
			buildSettings = {
				CLANG_ENABLE_OBJC_WEAK = NO;
				CODE_SIGN_STYLE = Automatic;
				CURRENT_PROJECT_VERSION = 1;
				DEVELOPMENT_TEAM = LRUDRHMQQW;
				INFOPLIST_FILE = VocPassWidget/Info.plist;
				IPHONEOS_DEPLOYMENT_TARGET = 17.0;
				MARKETING_VERSION = 1.0;
				PRODUCT_BUNDLE_IDENTIFIER = com.08hans.VocPass.widget;
				PRODUCT_NAME = "$(TARGET_NAME)";
				SDKROOT = iphoneos;
				SKIP_INSTALL = YES;
				SUPPORTS_MACCATALYST = NO;
				SWIFT_EMIT_LOC_STRINGS = YES;
				SWIFT_VERSION = 5.0;
				TARGETED_DEVICE_FAMILY = "1,2";
				VALIDATE_PRODUCT = YES;
			};
			name = Release;
		};
/* End XCBuildConfiguration section */

/* Begin XCConfigurationList section */
		3A9BC4AA2F04CAF600F3A879 /* Build configuration list for PBXProject "VocPass" */ = {
			isa = XCConfigurationList;
			buildConfigurations = (
				3A9BC4B82F04CAF900F3A879 /* Debug */,
				3A9BC4B92F04CAF900F3A879 /* Release */,
			);
			defaultConfigurationIsVisible = 0;
			defaultConfigurationName = Release;
		};
		3A9BC4BA2F04CAF900F3A879 /* Build configuration list for PBXNativeTarget "VocPass" */ = {
			isa = XCConfigurationList;
			buildConfigurations = (
				3A9BC4BB2F04CAF900F3A879 /* Debug */,
				3A9BC4BC2F04CAF900F3A879 /* Release */,
			);
			defaultConfigurationIsVisible = 0;
			defaultConfigurationName = Release;
		};
		62C4003BBF6FF3C7EA2E3D73 /* Build configuration list for PBXNativeTarget "VocPassWidget" */ = {
			isa = XCConfigurationList;
			buildConfigurations = (
				874788FB1544740BD5844699 /* Release */,
				1AD97454AEEC03AFF72E6863 /* Debug */,
			);
			defaultConfigurationIsVisible = 0;
			defaultConfigurationName = Release;
		};
/* End XCConfigurationList section */
	};
	rootObject = 3A9BC4A72F04CAF600F3A879 /* Project object */;
}
